
Microsoft Visual Studio Solution File, Format Version 12.00
# Visual Studio Version 17
VisualStudioVersion = 17.5.33530.505
MinimumVisualStudioVersion = 10.0.40219.1
Project("{9A19103F-16F7-4668-BE54-9A1E7A4F7556}") = "PrimerParcial", "PrimerParcial\PrimerParcial.csproj", "{24FFB51E-D869-4FCB-B9CC-C86E0393C8E6}"
EndProject
Project("{9A19103F-16F7-4668-BE54-9A1E7A4F7556}") = "Servicio.PrimerParcial", "Servicio.PrimerParcial\Servicio.PrimerParcial.csproj", "{EC1546F5-B1BC-4ECF-8B9F-857161BCBE6F}"
	ProjectSection(ProjectDependencies) = postProject
		{DCA121A1-1CC6-4C70-83AC-76FEA1A38C5A} = {DCA121A1-1CC6-4C70-83AC-76FEA1A38C5A}
	EndProjectSection
EndProject
Project("{9A19103F-16F7-4668-BE54-9A1E7A4F7556}") = "Modelo.PrimerParcial", "Modelo.PrimerParcial\Modelo.PrimerParcial.csproj", "{DCA121A1-1CC6-4C70-83AC-76FEA1A38C5A}"
EndProject
Global
	GlobalSection(SolutionConfigurationPlatforms) = preSolution
		Debug|Any CPU = Debug|Any CPU
		Release|Any CPU = Release|Any CPU
	EndGlobalSection
	GlobalSection(ProjectConfigurationPlatforms) = postSolution
		{24FFB51E-D869-4FCB-B9CC-C86E0393C8E6}.Debug|Any CPU.ActiveCfg = Debug|Any CPU
		{24FFB51E-D869-4FCB-B9CC-C86E0393C8E6}.Debug|Any CPU.Build.0 = Debug|Any CPU
		{24FFB51E-D869-4FCB-B9CC-C86E0393C8E6}.Release|Any CPU.ActiveCfg = Release|Any CPU
		{24FFB51E-D869-4FCB-B9CC-C86E0393C8E6}.Release|Any CPU.Build.0 = Release|Any CPU
		{EC1546F5-B1BC-4ECF-8B9F-857161BCBE6F}.Debug|Any CPU.ActiveCfg = Debug|Any CPU
		{EC1546F5-B1BC-4ECF-8B9F-857161BCBE6F}.Debug|Any CPU.Build.0 = Debug|Any CPU
		{EC1546F5-B1BC-4ECF-8B9F-857161BCBE6F}.Release|Any CPU.ActiveCfg = Release|Any CPU
		{EC1546F5-B1BC-4ECF-8B9F-857161BCBE6F}.Release|Any CPU.Build.0 = Release|Any CPU
		{DCA121A1-1CC6-4C70-83AC-76FEA1A38C5A}.Debug|Any CPU.ActiveCfg = Debug|Any CPU
		{DCA121A1-1CC6-4C70-83AC-76FEA1A38C5A}.Debug|Any CPU.Build.0 = Debug|Any CPU
		{DCA121A1-1CC6-4C70-83AC-76FEA1A38C5A}.Release|Any CPU.ActiveCfg = Release|Any CPU
		{DCA121A1-1CC6-4C70-83AC-76FEA1A38C5A}.Release|Any CPU.Build.0 = Release|Any CPU
	EndGlobalSection
	GlobalSection(SolutionProperties) = preSolution
		HideSolutionNode = FALSE
	EndGlobalSection
	GlobalSection(ExtensibilityGlobals) = postSolution
		SolutionGuid = {40626D10-9309-4140-9F81-1309F1687157}
	EndGlobalSection
EndGlobal
